{
    "_meta": {
        "hash": {
            "sha256": "dca706add8ca917dfeec872a0a83d861329e428d97e8060c24a59d08c67a20df"
        },
        "pipfile-spec": 6,
        "requires": {
            "python_version": "3.8"
        },
        "sources": [
            {
                "name": "pypi",
                "url": "https://pypi.org/simple",
                "verify_ssl": true
            }
        ]
    },
    "default": {
        "asgiref": {
            "hashes": [
                "sha256:3e1e3ecc849832fe52ccf2cb6686b7a55f82bb1d6aee72a58826471390335e47",
                "sha256:c343bd80a0bec947a9860adb4c432ffa7db769836c64238fc34bdc3fec84d590"
            ],
            "markers": "python_version >= '3.8'",
            "version": "==3.8.1"
        },
        "backports.zoneinfo": {
            "hashes": [
                "sha256:17746bd546106fa389c51dbea67c8b7c8f0d14b5526a579ca6ccf5ed72c526cf",
                "sha256:1b13e654a55cd45672cb54ed12148cd33628f672548f373963b0bff67b217328",
                "sha256:1c5742112073a563c81f786e77514969acb58649bcdf6cdf0b4ed31a348d4546",
                "sha256:4a0f800587060bf8880f954dbef70de6c11bbe59c673c3d818921f042f9954a6",
                "sha256:5c144945a7752ca544b4b78c8c41544cdfaf9786f25fe5ffb10e838e19a27570",
                "sha256:7b0a64cda4145548fed9efc10322770f929b944ce5cee6c0dfe0c87bf4c0c8c9",
                "sha256:8439c030a11780786a2002261569bdf362264f605dfa4d65090b64b05c9f79a7",
                "sha256:8961c0f32cd0336fb8e8ead11a1f8cd99ec07145ec2931122faaac1c8f7fd987",
                "sha256:89a48c0d158a3cc3f654da4c2de1ceba85263fafb861b98b59040a5086259722",
                "sha256:a76b38c52400b762e48131494ba26be363491ac4f9a04c1b7e92483d169f6582",
                "sha256:da6013fd84a690242c310d77ddb8441a559e9cb3d3d59ebac9aca1a57b2e18bc",
                "sha256:e55b384612d93be96506932a786bbcde5a2db7a9e6a4bb4bffe8b733f5b9036b",
                "sha256:e81b76cace8eda1fca50e345242ba977f9be6ae3945af8d46326d776b4cf78d1",
                "sha256:e8236383a20872c0cdf5a62b554b27538db7fa1bbec52429d8d106effbaeca08",
                "sha256:f04e857b59d9d1ccc39ce2da1021d196e47234873820cbeaad210724b1ee28ac",
                "sha256:fadbfe37f74051d024037f223b8e001611eac868b5c5b06144ef4d8b799862f2"
            ],
            "markers": "python_version < '3.9'",
            "version": "==0.2.1"
        },
        "cffi": {
            "hashes": [
                "sha256:0c9ef6ff37e974b73c25eecc13952c55bceed9112be2d9d938ded8e856138bcc",
                "sha256:131fd094d1065b19540c3d72594260f118b231090295d8c34e19a7bbcf2e860a",
                "sha256:1b8ebc27c014c59692bb2664c7d13ce7a6e9a629be20e54e7271fa696ff2b417",
                "sha256:2c56b361916f390cd758a57f2e16233eb4f64bcbeee88a4881ea90fca14dc6ab",
                "sha256:2d92b25dbf6cae33f65005baf472d2c245c050b1ce709cc4588cdcdd5495b520",
                "sha256:31d13b0f99e0836b7ff893d37af07366ebc90b678b6664c955b54561fc36ef36",
                "sha256:32c68ef735dbe5857c810328cb2481e24722a59a2003018885514d4c09af9743",
                "sha256:3686dffb02459559c74dd3d81748269ffb0eb027c39a6fc99502de37d501faa8",
                "sha256:582215a0e9adbe0e379761260553ba11c58943e4bbe9c36430c4ca6ac74b15ed",
                "sha256:5b50bf3f55561dac5438f8e70bfcdfd74543fd60df5fa5f62d94e5867deca684",
                "sha256:5bf44d66cdf9e893637896c7faa22298baebcd18d1ddb6d2626a6e39793a1d56",
                "sha256:6602bc8dc6f3a9e02b6c22c4fc1e47aa50f8f8e6d3f78a5e16ac33ef5fefa324",
                "sha256:673739cb539f8cdaa07d92d02efa93c9ccf87e345b9a0b556e3ecc666718468d",
                "sha256:68678abf380b42ce21a5f2abde8efee05c114c2fdb2e9eef2efdb0257fba1235",
                "sha256:68e7c44931cc171c54ccb702482e9fc723192e88d25a0e133edd7aff8fcd1f6e",
                "sha256:6b3d6606d369fc1da4fd8c357d026317fbb9c9b75d36dc16e90e84c26854b088",
                "sha256:748dcd1e3d3d7cd5443ef03ce8685043294ad6bd7c02a38d1bd367cfd968e000",
                "sha256:7651c50c8c5ef7bdb41108b7b8c5a83013bfaa8a935590c5d74627c047a583c7",
                "sha256:7b78010e7b97fef4bee1e896df8a4bbb6712b7f05b7ef630f9d1da00f6444d2e",
                "sha256:7e61e3e4fa664a8588aa25c883eab612a188c725755afff6289454d6362b9673",
                "sha256:80876338e19c951fdfed6198e70bc88f1c9758b94578d5a7c4c91a87af3cf31c",
                "sha256:8895613bcc094d4a1b2dbe179d88d7fb4a15cee43c052e8885783fac397d91fe",
                "sha256:88e2b3c14bdb32e440be531ade29d3c50a1a59cd4e51b1dd8b0865c54ea5d2e2",
                "sha256:8f8e709127c6c77446a8c0a8c8bf3c8ee706a06cd44b1e827c3e6a2ee6b8c098",
                "sha256:9cb4a35b3642fc5c005a6755a5d17c6c8b6bcb6981baf81cea8bfbc8903e8ba8",
                "sha256:9f90389693731ff1f659e55c7d1640e2ec43ff725cc61b04b2f9c6d8d017df6a",
                "sha256:a09582f178759ee8128d9270cd1344154fd473bb77d94ce0aeb2a93ebf0feaf0",
                "sha256:a6a14b17d7e17fa0d207ac08642c8820f84f25ce17a442fd15e27ea18d67c59b",
                "sha256:a72e8961a86d19bdb45851d8f1f08b041ea37d2bd8d4fd19903bc3083d80c896",
                "sha256:abd808f9c129ba2beda4cfc53bde801e5bcf9d6e0f22f095e45327c038bfe68e",
                "sha256:ac0f5edd2360eea2f1daa9e26a41db02dd4b0451b48f7c318e217ee092a213e9",
                "sha256:b29ebffcf550f9da55bec9e02ad430c992a87e5f512cd63388abb76f1036d8d2",
                "sha256:b2ca4e77f9f47c55c194982e10f058db063937845bb2b7a86c84a6cfe0aefa8b",
                "sha256:b7be2d771cdba2942e13215c4e340bfd76398e9227ad10402a8767ab1865d2e6",
                "sha256:b84834d0cf97e7d27dd5b7f3aca7b6e9263c56308ab9dc8aae9784abb774d404",
                "sha256:b86851a328eedc692acf81fb05444bdf1891747c25af7529e39ddafaf68a4f3f",
                "sha256:bcb3ef43e58665bbda2fb198698fcae6776483e0c4a631aa5647806c25e02cc0",
                "sha256:c0f31130ebc2d37cdd8e44605fb5fa7ad59049298b3f745c74fa74c62fbfcfc4",
                "sha256:c6a164aa47843fb1b01e941d385aab7215563bb8816d80ff3a363a9f8448a8dc",
                "sha256:d8a9d3ebe49f084ad71f9269834ceccbf398253c9fac910c4fd7053ff1386936",
                "sha256:db8e577c19c0fda0beb7e0d4e09e0ba74b1e4c092e0e40bfa12fe05b6f6d75ba",
                "sha256:dc9b18bf40cc75f66f40a7379f6a9513244fe33c0e8aa72e2d56b0196a7ef872",
                "sha256:e09f3ff613345df5e8c3667da1d918f9149bd623cd9070c983c013792a9a62eb",
                "sha256:e4108df7fe9b707191e55f33efbcb2d81928e10cea45527879a4749cbe472614",
                "sha256:e6024675e67af929088fda399b2094574609396b1decb609c55fa58b028a32a1",
                "sha256:e70f54f1796669ef691ca07d046cd81a29cb4deb1e5f942003f401c0c4a2695d",
                "sha256:e715596e683d2ce000574bae5d07bd522c781a822866c20495e52520564f0969",
                "sha256:e760191dd42581e023a68b758769e2da259b5d52e3103c6060ddc02c9edb8d7b",
                "sha256:ed86a35631f7bfbb28e108dd96773b9d5a6ce4811cf6ea468bb6a359b256b1e4",
                "sha256:ee07e47c12890ef248766a6e55bd38ebfb2bb8edd4142d56db91b21ea68b7627",
                "sha256:fa3a0128b152627161ce47201262d3140edb5a5c3da88d73a1b790a959126956",
                "sha256:fcc8eb6d5902bb1cf6dc4f187ee3ea80a1eba0a89aba40a5cb20a5087d961357"
            ],
            "markers": "platform_python_implementation != 'PyPy'",
            "version": "==1.16.0"
        },
        "cryptography": {
            "hashes": [
                "sha256:01911714117642a3f1792c7f376db572aadadbafcd8d75bb527166009c9f1d1b",
                "sha256:0e89f7b84f421c56e7ff69f11c441ebda73b8a8e6488d322ef71746224c20fce",
                "sha256:12d341bd42cdb7d4937b0cabbdf2a94f949413ac4504904d0cdbdce4a22cbf88",
                "sha256:15a1fb843c48b4a604663fa30af60818cd28f895572386e5f9b8a665874c26e7",
                "sha256:1cdcdbd117681c88d717437ada72bdd5be9de117f96e3f4d50dab3f59fd9ab20",
                "sha256:1df6fcbf60560d2113b5ed90f072dc0b108d64750d4cbd46a21ec882c7aefce9",
                "sha256:3c6048f217533d89f2f8f4f0fe3044bf0b2090453b7b73d0b77db47b80af8dff",
                "sha256:3e970a2119507d0b104f0a8e281521ad28fc26f2820687b3436b8c9a5fcf20d1",
                "sha256:44a64043f743485925d3bcac548d05df0f9bb445c5fcca6681889c7c3ab12764",
                "sha256:4e36685cb634af55e0677d435d425043967ac2f3790ec652b2b88ad03b85c27b",
                "sha256:5f8907fcf57392cd917892ae83708761c6ff3c37a8e835d7246ff0ad251d9298",
                "sha256:69b22ab6506a3fe483d67d1ed878e1602bdd5912a134e6202c1ec672233241c1",
                "sha256:6bfadd884e7280df24d26f2186e4e07556a05d37393b0f220a840b083dc6a824",
                "sha256:6d0fbe73728c44ca3a241eff9aefe6496ab2656d6e7a4ea2459865f2e8613257",
                "sha256:6ffb03d419edcab93b4b19c22ee80c007fb2d708429cecebf1dd3258956a563a",
                "sha256:810bcf151caefc03e51a3d61e53335cd5c7316c0a105cc695f0959f2c638b129",
                "sha256:831a4b37accef30cccd34fcb916a5d7b5be3cbbe27268a02832c3e450aea39cb",
                "sha256:887623fe0d70f48ab3f5e4dbf234986b1329a64c066d719432d0698522749929",
                "sha256:a0298bdc6e98ca21382afe914c642620370ce0470a01e1bef6dd9b5354c36854",
                "sha256:a1327f280c824ff7885bdeef8578f74690e9079267c1c8bd7dc5cc5aa065ae52",
                "sha256:c1f25b252d2c87088abc8bbc4f1ecbf7c919e05508a7e8628e6875c40bc70923",
                "sha256:c3a5cbc620e1e17009f30dd34cb0d85c987afd21c41a74352d1719be33380885",
                "sha256:ce8613beaffc7c14f091497346ef117c1798c202b01153a8cc7b8e2ebaaf41c0",
                "sha256:d2a27aca5597c8a71abbe10209184e1a8e91c1fd470b5070a2ea60cafec35bcd",
                "sha256:dad9c385ba8ee025bb0d856714f71d7840020fe176ae0229de618f14dae7a6e2",
                "sha256:db4b65b02f59035037fde0998974d84244a64c3265bdef32a827ab9b63d61b18",
                "sha256:e09469a2cec88fb7b078e16d4adec594414397e8879a4341c6ace96013463d5b",
                "sha256:e53dc41cda40b248ebc40b83b31516487f7db95ab8ceac1f042626bc43a2f992",
                "sha256:f1e85a178384bf19e36779d91ff35c7617c885da487d689b05c1366f9933ad74",
                "sha256:f47be41843200f7faec0683ad751e5ef11b9a56a220d57f300376cd8aba81660",
                "sha256:fb0cef872d8193e487fc6bdb08559c3aa41b659a7d9be48b2e10747f47863925",
                "sha256:ffc73996c4fca3d2b6c1c8c12bfd3ad00def8621da24f547626bf06441400449"
            ],
            "index": "pypi",
            "markers": "python_version >= '3.7'",
            "version": "==42.0.4"
        },
        "django": {
            "hashes": [
                "sha256:61ee4a130efb8c451ef3467c67ca99fdce400fedd768634efc86a68c18d80d30",
                "sha256:c77f926b81129493961e19c0e02188f8d07c112a1162df69bfab178ae447f94a"
            ],
            "index": "pypi",
            "markers": "python_version >= '3.8'",
            "version": "==4.2.15"
        },
        "django-rest-knox": {
            "hashes": [
                "sha256:4595f1dc23d6e41af7939e5f2d8fdaf6ade0a74a656218e7b56683db5566fcc9",
                "sha256:62b8e374a44cd4e9617eaefe27c915b301bf224fa6550633d3013d3f9f415113"
            ],
            "index": "pypi",
            "version": "==4.2.0"
        },
        "djangorestframework": {
            "hashes": [
                "sha256:2b8871b062ba1aefc2de01f773875441a961fefbf79f5eed1e32b2f096944b20",
                "sha256:36fe88cd2d6c6bec23dca9804bab2ba5517a8bb9d8f47ebc68981b56840107ad"
            ],
            "index": "pypi",
            "markers": "python_version >= '3.8'",
            "version": "==3.15.2"
        },
        "pycparser": {
            "hashes": [
                "sha256:8ee45429555515e1f6b185e78100aea234072576aa43ab53aefcae078162fca9",
                "sha256:e644fdec12f7872f86c58ff790da456218b10f863970249516d60a5eaca77206"
            ],
            "version": "==2.21"
        },
        "pytz": {
            "hashes": [
                "sha256:1d8ce29db189191fb55338ee6d0387d82ab59f3d00eac103412d64e0ebd0c588",
                "sha256:a151b3abb88eda1d4e34a9814df37de2a80e301e68ba0fd856fb9b46bfbbbffb"
            ],
            "version": "==2023.3"
        },
        "sqlparse": {
            "hashes": [
                "sha256:773dcbf9a5ab44a090f3441e2180efe2560220203dc2f8c0b0fa141e18b505e4",
                "sha256:bb6b4df465655ef332548e24f08e205afc81b9ab86cb1c45657a7ff173a3a00e"
            ],
            "markers": "python_version >= '3.8'",
            "version": "==0.5.1"
        },
        "typing-extensions": {
            "hashes": [
                "sha256:04e5ca0351e0f3f85c6853954072df659d0d13fac324d0072316b67d7794700d",
                "sha256:1a7ead55c7e559dd4dee8856e3a88b41225abfe1ce8df57b7c13915fe121ffb8"
            ],
            "markers": "python_version < '3.11'",
            "version": "==4.12.2"
        }
    },
    "develop": {
        "autopep8": {
            "hashes": [
                "sha256:6f09e90a2be784317e84dc1add17ebfc7abe3924239957a37e5040e27d812087",
                "sha256:ca9b1a83e53a7fad65d731dc7a2a2d50aa48f43850407c59f6a1a306c4201142"
            ],
            "index": "pypi",
            "version": "==1.7.0"
        },
        "pycodestyle": {
            "hashes": [
                "sha256:259bcc17857d8a8b3b4a2327324b79e5f020a13c16074670f9c8c8f872ea76d0",
                "sha256:5d1013ba8dc7895b548be5afb05740ca82454fd899971563d2ef625d090326f8"
            ],
            "markers": "python_version >= '3.8'",
            "version": "==2.11.0"
        },
        "toml": {
            "hashes": [
                "sha256:806143ae5bfb6a3c6e736a764057db0e6a0e05e338b5630894a5f779cabb4f9b",
                "sha256:b3bda1d108d5dd99f4a20d24d9c348e91c4db7ab1b749200bded2f839ccbe68f"
            ],
            "markers": "python_version >= '2.6' and python_version not in '3.0, 3.1, 3.2, 3.3'",
            "version": "==0.10.2"
        }
    }
}
